
Microsoft Visual Studio Solution File, Format Version 12.00
# Visual Studio Version 16
VisualStudioVersion = 16.0.29806.167
MinimumVisualStudioVersion = 10.0.40219.1
Project("{FAE04EC0-301F-11D3-BF4B-00C04F79EFBC}") = "MERU - Massive Episode Rename Utility", "MERU - Massive Episode Rename Utility\MERU - Massive Episode Rename Utility.csproj", "{5505E79D-4FDB-4CB8-A34E-A39FFF297D2B}"
EndProject
Global
	GlobalSection(SolutionConfigurationPlatforms) = preSolution
		Debug|Any CPU = Debug|Any CPU
		Release|Any CPU = Release|Any CPU
	EndGlobalSection
	GlobalSection(ProjectConfigurationPlatforms) = postSolution
		{5505E79D-4FDB-4CB8-A34E-A39FFF297D2B}.Debug|Any CPU.ActiveCfg = Debug|Any CPU
		{5505E79D-4FDB-4CB8-A34E-A39FFF297D2B}.Debug|Any CPU.Build.0 = Debug|Any CPU
		{5505E79D-4FDB-4CB8-A34E-A39FFF297D2B}.Release|Any CPU.ActiveCfg = Release|Any CPU
		{5505E79D-4FDB-4CB8-A34E-A39FFF297D2B}.Release|Any CPU.Build.0 = Release|Any CPU
	EndGlobalSection
	GlobalSection(SolutionProperties) = preSolution
		HideSolutionNode = FALSE
	EndGlobalSection
	GlobalSection(ExtensibilityGlobals) = postSolution
		SolutionGuid = {552AC67E-FF09-4AF0-868E-4D891491287A}
	EndGlobalSection
EndGlobal
